// !$*UTF8*$!
{
	archiveVersion = 1;
	classes = {
	};
	objectVersion = 46;
	objects = {

/* Begin PBXBuildFile section */
		282669F919615D4F0012A12A /* Foundation.framework in Frameworks */ = {isa = PBXBuildFile; fileRef = 282669F819615D4F0012A12A /* Foundation.framework */; };
		282669FB19615D4F0012A12A /* CoreGraphics.framework in Frameworks */ = {isa = PBXBuildFile; fileRef = 282669FA19615D4F0012A12A /* CoreGraphics.framework */; };
		282669FD19615D4F0012A12A /* UIKit.framework in Frameworks */ = {isa = PBXBuildFile; fileRef = 282669FC19615D4F0012A12A /* UIKit.framework */; };
		282669FF19615D4F0012A12A /* CoreData.framework in Frameworks */ = {isa = PBXBuildFile; fileRef = 282669FE19615D4F0012A12A /* CoreData.framework */; };
		28266A0519615D4F0012A12A /* InfoPlist.strings in Resources */ = {isa = PBXBuildFile; fileRef = 28266A0319615D4F0012A12A /* InfoPlist.strings */; };
		28266A0719615D4F0012A12A /* main.m in Sources */ = {isa = PBXBuildFile; fileRef = 28266A0619615D4F0012A12A /* main.m */; };
		28266A0B19615D4F0012A12A /* STAppDelegate.m in Sources */ = {isa = PBXBuildFile; fileRef = 28266A0A19615D4F0012A12A /* STAppDelegate.m */; };
		28266A0E19615D4F0012A12A /* Diary.xcdatamodeld in Sources */ = {isa = PBXBuildFile; fileRef = 28266A0C19615D4F0012A12A /* Diary.xcdatamodeld */; };
		28266A1019615D4F0012A12A /* Images.xcassets in Resources */ = {isa = PBXBuildFile; fileRef = 28266A0F19615D4F0012A12A /* Images.xcassets */; };
		28266A1719615D4F0012A12A /* XCTest.framework in Frameworks */ = {isa = PBXBuildFile; fileRef = 28266A1619615D4F0012A12A /* XCTest.framework */; };
		28266A1819615D4F0012A12A /* Foundation.framework in Frameworks */ = {isa = PBXBuildFile; fileRef = 282669F819615D4F0012A12A /* Foundation.framework */; };
		28266A1919615D4F0012A12A /* UIKit.framework in Frameworks */ = {isa = PBXBuildFile; fileRef = 282669FC19615D4F0012A12A /* UIKit.framework */; };
		28266A1A19615D4F0012A12A /* CoreData.framework in Frameworks */ = {isa = PBXBuildFile; fileRef = 282669FE19615D4F0012A12A /* CoreData.framework */; };
		28266A2219615D4F0012A12A /* InfoPlist.strings in Resources */ = {isa = PBXBuildFile; fileRef = 28266A2019615D4F0012A12A /* InfoPlist.strings */; };
		28266A2419615D4F0012A12A /* DiaryTests.m in Sources */ = {isa = PBXBuildFile; fileRef = 28266A2319615D4F0012A12A /* DiaryTests.m */; };
/* End PBXBuildFile section */

/* Begin PBXContainerItemProxy section */
		28266A1B19615D4F0012A12A /* PBXContainerItemProxy */ = {
			isa = PBXContainerItemProxy;
			containerPortal = 282669ED19615D4F0012A12A /* Project object */;
			proxyType = 1;
			remoteGlobalIDString = 282669F419615D4F0012A12A;
			remoteInfo = Diary;
		};
/* End PBXContainerItemProxy section */

/* Begin PBXFileReference section */
		282669F519615D4F0012A12A /* Diary.app */ = {isa = PBXFileReference; explicitFileType = wrapper.application; includeInIndex = 0; path = Diary.app; sourceTree = BUILT_PRODUCTS_DIR; };
		282669F819615D4F0012A12A /* Foundation.framework */ = {isa = PBXFileReference; lastKnownFileType = wrapper.framework; name = Foundation.framework; path = System/Library/Frameworks/Foundation.framework; sourceTree = SDKROOT; };
		282669FA19615D4F0012A12A /* CoreGraphics.framework */ = {isa = PBXFileReference; lastKnownFileType = wrapper.framework; name = CoreGraphics.framework; path = System/Library/Frameworks/CoreGraphics.framework; sourceTree = SDKROOT; };
		282669FC19615D4F0012A12A /* UIKit.framework */ = {isa = PBXFileReference; lastKnownFileType = wrapper.framework; name = UIKit.framework; path = System/Library/Frameworks/UIKit.framework; sourceTree = SDKROOT; };
		282669FE19615D4F0012A12A /* CoreData.framework */ = {isa = PBXFileReference; lastKnownFileType = wrapper.framework; name = CoreData.framework; path = System/Library/Frameworks/CoreData.framework; sourceTree = SDKROOT; };
		28266A0219615D4F0012A12A /* Diary-Info.plist */ = {isa = PBXFileReference; lastKnownFileType = text.plist.xml; path = "Diary-Info.plist"; sourceTree = "<group>"; };
		28266A0419615D4F0012A12A /* en */ = {isa = PBXFileReference; lastKnownFileType = text.plist.strings; name = en; path = en.lproj/InfoPlist.strings; sourceTree = "<group>"; };
		28266A0619615D4F0012A12A /* main.m */ = {isa = PBXFileReference; lastKnownFileType = sourcecode.c.objc; path = main.m; sourceTree = "<group>"; };
		28266A0819615D4F0012A12A /* Diary-Prefix.pch */ = {isa = PBXFileReference; lastKnownFileType = sourcecode.c.h; path = "Diary-Prefix.pch"; sourceTree = "<group>"; };
		28266A0919615D4F0012A12A /* STAppDelegate.h */ = {isa = PBXFileReference; lastKnownFileType = sourcecode.c.h; path = STAppDelegate.h; sourceTree = "<group>"; };
		28266A0A19615D4F0012A12A /* STAppDelegate.m */ = {isa = PBXFileReference; lastKnownFileType = sourcecode.c.objc; path = STAppDelegate.m; sourceTree = "<group>"; };
		28266A0D19615D4F0012A12A /* Diary.xcdatamodel */ = {isa = PBXFileReference; lastKnownFileType = wrapper.xcdatamodel; path = Diary.xcdatamodel; sourceTree = "<group>"; };
		28266A0F19615D4F0012A12A /* Images.xcassets */ = {isa = PBXFileReference; lastKnownFileType = folder.assetcatalog; path = Images.xcassets; sourceTree = "<group>"; };
		28266A1519615D4F0012A12A /* DiaryTests.xctest */ = {isa = PBXFileReference; explicitFileType = wrapper.cfbundle; includeInIndex = 0; path = DiaryTests.xctest; sourceTree = BUILT_PRODUCTS_DIR; };
		28266A1619615D4F0012A12A /* XCTest.framework */ = {isa = PBXFileReference; lastKnownFileType = wrapper.framework; name = XCTest.framework; path = Library/Frameworks/XCTest.framework; sourceTree = DEVELOPER_DIR; };
		28266A1F19615D4F0012A12A /* DiaryTests-Info.plist */ = {isa = PBXFileReference; lastKnownFileType = text.plist.xml; path = "DiaryTests-Info.plist"; sourceTree = "<group>"; };
		28266A2119615D4F0012A12A /* en */ = {isa = PBXFileReference; lastKnownFileType = text.plist.strings; name = en; path = en.lproj/InfoPlist.strings; sourceTree = "<group>"; };
		28266A2319615D4F0012A12A /* DiaryTests.m */ = {isa = PBXFileReference; lastKnownFileType = sourcecode.c.objc; path = DiaryTests.m; sourceTree = "<group>"; };
/* End PBXFileReference section */

/* Begin PBXFrameworksBuildPhase section */
		282669F219615D4F0012A12A /* Frameworks */ = {
			isa = PBXFrameworksBuildPhase;
			buildActionMask = 2147483647;
			files = (
				282669FB19615D4F0012A12A /* CoreGraphics.framework in Frameworks */,
				282669FF19615D4F0012A12A /* CoreData.framework in Frameworks */,
				282669FD19615D4F0012A12A /* UIKit.framework in Frameworks */,
				282669F919615D4F0012A12A /* Foundation.framework in Frameworks */,
			);
			runOnlyForDeploymentPostprocessing = 0;
		};
		28266A1219615D4F0012A12A /* Frameworks */ = {
			isa = PBXFrameworksBuildPhase;
			buildActionMask = 2147483647;
			files = (
				28266A1719615D4F0012A12A /* XCTest.framework in Frameworks */,
				28266A1A19615D4F0012A12A /* CoreData.framework in Frameworks */,
				28266A1919615D4F0012A12A /* UIKit.framework in Frameworks */,
				28266A1819615D4F0012A12A /* Foundation.framework in Frameworks */,
			);
			runOnlyForDeploymentPostprocessing = 0;
		};
/* End PBXFrameworksBuildPhase section */

/* Begin PBXGroup section */
		282669EC19615D4F0012A12A = {
			isa = PBXGroup;
			children = (
				28266A0019615D4F0012A12A /* Diary */,
				28266A1D19615D4F0012A12A /* DiaryTests */,
				282669F719615D4F0012A12A /* Frameworks */,
				282669F619615D4F0012A12A /* Products */,
			);
			sourceTree = "<group>";
		};
		282669F619615D4F0012A12A /* Products */ = {
			isa = PBXGroup;
			children = (
				282669F519615D4F0012A12A /* Diary.app */,
				28266A1519615D4F0012A12A /* DiaryTests.xctest */,
			);
			name = Products;
			sourceTree = "<group>";
		};
		282669F719615D4F0012A12A /* Frameworks */ = {
			isa = PBXGroup;
			children = (
				282669F819615D4F0012A12A /* Foundation.framework */,
				282669FA19615D4F0012A12A /* CoreGraphics.framework */,
				282669FC19615D4F0012A12A /* UIKit.framework */,
				282669FE19615D4F0012A12A /* CoreData.framework */,
				28266A1619615D4F0012A12A /* XCTest.framework */,
			);
			name = Frameworks;
			sourceTree = "<group>";
		};
		28266A0019615D4F0012A12A /* Diary */ = {
			isa = PBXGroup;
			children = (
				28266A0919615D4F0012A12A /* STAppDelegate.h */,
				28266A0A19615D4F0012A12A /* STAppDelegate.m */,
				28266A0F19615D4F0012A12A /* Images.xcassets */,
				28266A0C19615D4F0012A12A /* Diary.xcdatamodeld */,
				28266A0119615D4F0012A12A /* Supporting Files */,
			);
			path = Diary;
			sourceTree = "<group>";
		};
		28266A0119615D4F0012A12A /* Supporting Files */ = {
			isa = PBXGroup;
			children = (
				28266A0219615D4F0012A12A /* Diary-Info.plist */,
				28266A0319615D4F0012A12A /* InfoPlist.strings */,
				28266A0619615D4F0012A12A /* main.m */,
				28266A0819615D4F0012A12A /* Diary-Prefix.pch */,
			);
			name = "Supporting Files";
			sourceTree = "<group>";
		};
		28266A1D19615D4F0012A12A /* DiaryTests */ = {
			isa = PBXGroup;
			children = (
				28266A2319615D4F0012A12A /* DiaryTests.m */,
				28266A1E19615D4F0012A12A /* Supporting Files */,
			);
			path = DiaryTests;
			sourceTree = "<group>";
		};
		28266A1E19615D4F0012A12A /* Supporting Files */ = {
			isa = PBXGroup;
			children = (
				28266A1F19615D4F0012A12A /* DiaryTests-Info.plist */,
				28266A2019615D4F0012A12A /* InfoPlist.strings */,
			);
			name = "Supporting Files";
			sourceTree = "<group>";
		};
/* End PBXGroup section */

/* Begin PBXNativeTarget section */
		282669F419615D4F0012A12A /* Diary */ = {
			isa = PBXNativeTarget;
			buildConfigurationList = 28266A2719615D4F0012A12A /* Build configuration list for PBXNativeTarget "Diary" */;
			buildPhases = (
				282669F119615D4F0012A12A /* Sources */,
				282669F219615D4F0012A12A /* Frameworks */,
				282669F319615D4F0012A12A /* Resources */,
			);
			buildRules = (
			);
			dependencies = (
			);
			name = Diary;
			productName = Diary;
			productReference = 282669F519615D4F0012A12A /* Diary.app */;
			productType = "com.apple.product-type.application";
		};
		28266A1419615D4F0012A12A /* DiaryTests */ = {
			isa = PBXNativeTarget;
			buildConfigurationList = 28266A2A19615D4F0012A12A /* Build configuration list for PBXNativeTarget "DiaryTests" */;
			buildPhases = (
				28266A1119615D4F0012A12A /* Sources */,
				28266A1219615D4F0012A12A /* Frameworks */,
				28266A1319615D4F0012A12A /* Resources */,
			);
			buildRules = (
			);
			dependencies = (
				28266A1C19615D4F0012A12A /* PBXTargetDependency */,
			);
			name = DiaryTests;
			productName = DiaryTests;
			productReference = 28266A1519615D4F0012A12A /* DiaryTests.xctest */;
			productType = "com.apple.product-type.bundle.unit-test";
		};
/* End PBXNativeTarget section */

/* Begin PBXProject section */
		282669ED19615D4F0012A12A /* Project object */ = {
			isa = PBXProject;
			attributes = {
				CLASSPREFIX = ST;
				LastUpgradeCheck = 0510;
				ORGANIZATIONNAME = ShyongTech;
				TargetAttributes = {
					28266A1419615D4F0012A12A = {
						TestTargetID = 282669F419615D4F0012A12A;
					};
				};
			};
			buildConfigurationList = 282669F019615D4F0012A12A /* Build configuration list for PBXProject "Diary" */;
			compatibilityVersion = "Xcode 3.2";
			developmentRegion = English;
			hasScannedForEncodings = 0;
			knownRegions = (
				en,
			);
			mainGroup = 282669EC19615D4F0012A12A;
			productRefGroup = 282669F619615D4F0012A12A /* Products */;
			projectDirPath = "";
			projectRoot = "";
			targets = (
				282669F419615D4F0012A12A /* Diary */,
				28266A1419615D4F0012A12A /* DiaryTests */,
			);
		};
/* End PBXProject section */

/* Begin PBXResourcesBuildPhase section */
		282669F319615D4F0012A12A /* Resources */ = {
			isa = PBXResourcesBuildPhase;
			buildActionMask = 2147483647;
			files = (
				28266A0519615D4F0012A12A /* InfoPlist.strings in Resources */,
				28266A1019615D4F0012A12A /* Images.xcassets in Resources */,
			);
			runOnlyForDeploymentPostprocessing = 0;
		};
		28266A1319615D4F0012A12A /* Resources */ = {
			isa = PBXResourcesBuildPhase;
			buildActionMask = 2147483647;
			files = (
				28266A2219615D4F0012A12A /* InfoPlist.strings in Resources */,
			);
			runOnlyForDeploymentPostprocessing = 0;
		};
/* End PBXResourcesBuildPhase section */

/* Begin PBXSourcesBuildPhase section */
		282669F119615D4F0012A12A /* Sources */ = {
			isa = PBXSourcesBuildPhase;
			buildActionMask = 2147483647;
			files = (
				28266A0E19615D4F0012A12A /* Diary.xcdatamodeld in Sources */,
				28266A0719615D4F0012A12A /* main.m in Sources */,
				28266A0B19615D4F0012A12A /* STAppDelegate.m in Sources */,
			);
			runOnlyForDeploymentPostprocessing = 0;
		};
		28266A1119615D4F0012A12A /* Sources */ = {
			isa = PBXSourcesBuildPhase;
			buildActionMask = 2147483647;
			files = (
				28266A2419615D4F0012A12A /* DiaryTests.m in Sources */,
			);
			runOnlyForDeploymentPostprocessing = 0;
		};
/* End PBXSourcesBuildPhase section */

/* Begin PBXTargetDependency section */
		28266A1C19615D4F0012A12A /* PBXTargetDependency */ = {
			isa = PBXTargetDependency;
			target = 282669F419615D4F0012A12A /* Diary */;
			targetProxy = 28266A1B19615D4F0012A12A /* PBXContainerItemProxy */;
		};
/* End PBXTargetDependency section */

/* Begin PBXVariantGroup section */
		28266A0319615D4F0012A12A /* InfoPlist.strings */ = {
			isa = PBXVariantGroup;
			children = (
				28266A0419615D4F0012A12A /* en */,
			);
			name = InfoPlist.strings;
			sourceTree = "<group>";
		};
		28266A2019615D4F0012A12A /* InfoPlist.strings */ = {
			isa = PBXVariantGroup;
			children = (
				28266A2119615D4F0012A12A /* en */,
			);
			name = InfoPlist.strings;
			sourceTree = "<group>";
		};
/* End PBXVariantGroup section */

/* Begin XCBuildConfiguration section */
		28266A2519615D4F0012A12A /* Debug */ = {
			isa = XCBuildConfiguration;
			buildSettings = {
				ALWAYS_SEARCH_USER_PATHS = NO;
				CLANG_CXX_LANGUAGE_STANDARD = "gnu++0x";
				CLANG_CXX_LIBRARY = "libc++";
				CLANG_ENABLE_MODULES = YES;
				CLANG_ENABLE_OBJC_ARC = YES;
				CLANG_WARN_BOOL_CONVERSION = YES;
				CLANG_WARN_CONSTANT_CONVERSION = YES;
				CLANG_WARN_DIRECT_OBJC_ISA_USAGE = YES_ERROR;
				CLANG_WARN_EMPTY_BODY = YES;
				CLANG_WARN_ENUM_CONVERSION = YES;
				CLANG_WARN_INT_CONVERSION = YES;
				CLANG_WARN_OBJC_ROOT_CLASS = YES_ERROR;
				CLANG_WARN__DUPLICATE_METHOD_MATCH = YES;
				"CODE_SIGN_IDENTITY[sdk=iphoneos*]" = "iPhone Developer";
				COPY_PHASE_STRIP = NO;
				GCC_C_LANGUAGE_STANDARD = gnu99;
				GCC_DYNAMIC_NO_PIC = NO;
				GCC_OPTIMIZATION_LEVEL = 0;
				GCC_PREPROCESSOR_DEFINITIONS = (
					"DEBUG=1",
					"$(inherited)",
				);
				GCC_SYMBOLS_PRIVATE_EXTERN = NO;
				GCC_WARN_64_TO_32_BIT_CONVERSION = YES;
				GCC_WARN_ABOUT_RETURN_TYPE = YES_ERROR;
				GCC_WARN_UNDECLARED_SELECTOR = YES;
				GCC_WARN_UNINITIALIZED_AUTOS = YES_AGGRESSIVE;
				GCC_WARN_UNUSED_FUNCTION = YES;
				GCC_WARN_UNUSED_VARIABLE = YES;
				IPHONEOS_DEPLOYMENT_TARGET = 7.1;
				ONLY_ACTIVE_ARCH = YES;
				SDKROOT = iphoneos;
			};
			name = Debug;
		};
		28266A2619615D4F0012A12A /* Release */ = {
			isa = XCBuildConfiguration;
			buildSettings = {
				ALWAYS_SEARCH_USER_PATHS = NO;
				CLANG_CXX_LANGUAGE_STANDARD = "gnu++0x";
				CLANG_CXX_LIBRARY = "libc++";
				CLANG_ENABLE_MODULES = YES;
				CLANG_ENABLE_OBJC_ARC = YES;
				CLANG_WARN_BOOL_CONVERSION = YES;
				CLANG_WARN_CONSTANT_CONVERSION = YES;
				CLANG_WARN_DIRECT_OBJC_ISA_USAGE = YES_ERROR;
				CLANG_WARN_EMPTY_BODY = YES;
				CLANG_WARN_ENUM_CONVERSION = YES;
				CLANG_WARN_INT_CONVERSION = YES;
				CLANG_WARN_OBJC_ROOT_CLASS = YES_ERROR;
				CLANG_WARN__DUPLICATE_METHOD_MATCH = YES;
				"CODE_SIGN_IDENTITY[sdk=iphoneos*]" = "iPhone Developer";
				COPY_PHASE_STRIP = YES;
				ENABLE_NS_ASSERTIONS = NO;
				GCC_C_LANGUAGE_STANDARD = gnu99;
				GCC_WARN_64_TO_32_BIT_CONVERSION = YES;
				GCC_WARN_ABOUT_RETURN_TYPE = YES_ERROR;
				GCC_WARN_UNDECLARED_SELECTOR = YES;
				GCC_WARN_UNINITIALIZED_AUTOS = YES_AGGRESSIVE;
				GCC_WARN_UNUSED_FUNCTION = YES;
				GCC_WARN_UNUSED_VARIABLE = YES;
				IPHONEOS_DEPLOYMENT_TARGET = 7.1;
				SDKROOT = iphoneos;
				VALIDATE_PRODUCT = YES;
			};
			name = Release;
		};
		28266A2819615D4F0012A12A /* Debug */ = {
			isa = XCBuildConfiguration;
			buildSettings = {
				ASSETCATALOG_COMPILER_APPICON_NAME = AppIcon;
				ASSETCATALOG_COMPILER_LAUNCHIMAGE_NAME = LaunchImage;
				GCC_PRECOMPILE_PREFIX_HEADER = YES;
				GCC_PREFIX_HEADER = "Diary/Diary-Prefix.pch";
				INFOPLIST_FILE = "Diary/Diary-Info.plist";
				PRODUCT_NAME = "$(TARGET_NAME)";
				WRAPPER_EXTENSION = app;
			};
			name = Debug;
		};
		28266A2919615D4F0012A12A /* Release */ = {
			isa = XCBuildConfiguration;
			buildSettings = {
				ASSETCATALOG_COMPILER_APPICON_NAME = AppIcon;
				ASSETCATALOG_COMPILER_LAUNCHIMAGE_NAME = LaunchImage;
				GCC_PRECOMPILE_PREFIX_HEADER = YES;
				GCC_PREFIX_HEADER = "Diary/Diary-Prefix.pch";
				INFOPLIST_FILE = "Diary/Diary-Info.plist";
				PRODUCT_NAME = "$(TARGET_NAME)";
				WRAPPER_EXTENSION = app;
			};
			name = Release;
		};
		28266A2B19615D4F0012A12A /* Debug */ = {
			isa = XCBuildConfiguration;
			buildSettings = {
				BUNDLE_LOADER = "$(BUILT_PRODUCTS_DIR)/Diary.app/Diary";
				FRAMEWORK_SEARCH_PATHS = (
					"$(SDKROOT)/Developer/Library/Frameworks",
					"$(inherited)",
					"$(DEVELOPER_FRAMEWORKS_DIR)",
				);
				GCC_PRECOMPILE_PREFIX_HEADER = YES;
				GCC_PREFIX_HEADER = "Diary/Diary-Prefix.pch";
				GCC_PREPROCESSOR_DEFINITIONS = (
					"DEBUG=1",
					"$(inherited)",
				);
				INFOPLIST_FILE = "DiaryTests/DiaryTests-Info.plist";
				PRODUCT_NAME = "$(TARGET_NAME)";
				TEST_HOST = "$(BUNDLE_LOADER)";
				WRAPPER_EXTENSION = xctest;
			};
			name = Debug;
		};
		28266A2C19615D4F0012A12A /* Release */ = {
			isa = XCBuildConfiguration;
			buildSettings = {
				BUNDLE_LOADER = "$(BUILT_PRODUCTS_DIR)/Diary.app/Diary";
				FRAMEWORK_SEARCH_PATHS = (
					"$(SDKROOT)/Developer/Library/Frameworks",
					"$(inherited)",
					"$(DEVELOPER_FRAMEWORKS_DIR)",
				);
				GCC_PRECOMPILE_PREFIX_HEADER = YES;
				GCC_PREFIX_HEADER = "Diary/Diary-Prefix.pch";
				INFOPLIST_FILE = "DiaryTests/DiaryTests-Info.plist";
				PRODUCT_NAME = "$(TARGET_NAME)";
				TEST_HOST = "$(BUNDLE_LOADER)";
				WRAPPER_EXTENSION = xctest;
			};
			name = Release;
		};
/* End XCBuildConfiguration section */

/* Begin XCConfigurationList section */
		282669F019615D4F0012A12A /* Build configuration list for PBXProject "Diary" */ = {
			isa = XCConfigurationList;
			buildConfigurations = (
				28266A2519615D4F0012A12A /* Debug */,
				28266A2619615D4F0012A12A /* Release */,
			);
			defaultConfigurationIsVisible = 0;
			defaultConfigurationName = Release;
		};
		28266A2719615D4F0012A12A /* Build configuration list for PBXNativeTarget "Diary" */ = {
			isa = XCConfigurationList;
			buildConfigurations = (
				28266A2819615D4F0012A12A /* Debug */,
				28266A2919615D4F0012A12A /* Release */,
			);
			defaultConfigurationIsVisible = 0;
		};
		28266A2A19615D4F0012A12A /* Build configuration list for PBXNativeTarget "DiaryTests" */ = {
			isa = XCConfigurationList;
			buildConfigurations = (
				28266A2B19615D4F0012A12A /* Debug */,
				28266A2C19615D4F0012A12A /* Release */,
			);
			defaultConfigurationIsVisible = 0;
		};
/* End XCConfigurationList section */

/* Begin XCVersionGroup section */
		28266A0C19615D4F0012A12A /* Diary.xcdatamodeld */ = {
			isa = XCVersionGroup;
			children = (
				28266A0D19615D4F0012A12A /* Diary.xcdatamodel */,
			);
			currentVersion = 28266A0D19615D4F0012A12A /* Diary.xcdatamodel */;
			path = Diary.xcdatamodeld;
			sourceTree = "<group>";
			versionGroupType = wrapper.xcdatamodel;
		};
/* End XCVersionGroup section */
	};
	rootObject = 282669ED19615D4F0012A12A /* Project object */;
}
